// !$*UTF8*$!
{
	archiveVersion = 1;
	classes = {
	};
	objectVersion = 77;
	objects = {

/* Begin PBXBuildFile section */
		BF91BE092E37EB1C00D31A83 /* GoogleSignIn in Frameworks */ = {isa = PBXBuildFile; productRef = BF91BE082E37EB1C00D31A83 /* GoogleSignIn */; };
		BF91BE0B2E37EB1C00D31A83 /* GoogleSignInSwift in Frameworks */ = {isa = PBXBuildFile; productRef = BF91BE0A2E37EB1C00D31A83 /* GoogleSignInSwift */; };
		BFD2E8A82DFC2A6F00DE9F88 /* CountryPicker in Frameworks */ = {isa = PBXBuildFile; productRef = BFD2E8A72DFC2A6F00DE9F88 /* CountryPicker */; };
		BFD857EA2E013788007BBD95 /* FirebaseAuth in Frameworks */ = {isa = PBXBuildFile; productRef = BFD857E92E013788007BBD95 /* FirebaseAuth */; };
		BFD857EC2E013788007BBD95 /* FirebaseFirestore in Frameworks */ = {isa = PBXBuildFile; productRef = BFD857EB2E013788007BBD95 /* FirebaseFirestore */; };
		BFD857EE2E013788007BBD95 /* FirebaseStorage in Frameworks */ = {isa = PBXBuildFile; productRef = BFD857ED2E013788007BBD95 /* FirebaseStorage */; };
/* End PBXBuildFile section */

/* Begin PBXContainerItemProxy section */
		BF3077012DFC073B00AB01FF /* PBXContainerItemProxy */ = {
			isa = PBXContainerItemProxy;
			containerPortal = BF3076EB2DFC073A00AB01FF /* Project object */;
			proxyType = 1;
			remoteGlobalIDString = BF3076F22DFC073A00AB01FF;
			remoteInfo = Nutrio;
		};
		BF30770B2DFC073B00AB01FF /* PBXContainerItemProxy */ = {
			isa = PBXContainerItemProxy;
			containerPortal = BF3076EB2DFC073A00AB01FF /* Project object */;
			proxyType = 1;
			remoteGlobalIDString = BF3076F22DFC073A00AB01FF;
			remoteInfo = Nutrio;
		};
/* End PBXContainerItemProxy section */

/* Begin PBXFileReference section */
		BF3076F32DFC073A00AB01FF /* Nutrio.app */ = {isa = PBXFileReference; explicitFileType = wrapper.application; includeInIndex = 0; path = Nutrio.app; sourceTree = BUILT_PRODUCTS_DIR; };
		BF3077002DFC073B00AB01FF /* NutrioTests.xctest */ = {isa = PBXFileReference; explicitFileType = wrapper.cfbundle; includeInIndex = 0; path = NutrioTests.xctest; sourceTree = BUILT_PRODUCTS_DIR; };
		BF30770A2DFC073B00AB01FF /* NutrioUITests.xctest */ = {isa = PBXFileReference; explicitFileType = wrapper.cfbundle; includeInIndex = 0; path = NutrioUITests.xctest; sourceTree = BUILT_PRODUCTS_DIR; };
/* End PBXFileReference section */

/* Begin PBXFileSystemSynchronizedBuildFileExceptionSet section */
		BF3077422DFC096000AB01FF /* Exceptions for "Nutrio" folder in "Nutrio" target */ = {
			isa = PBXFileSystemSynchronizedBuildFileExceptionSet;
			membershipExceptions = (
				Info.plist,
			);
			target = BF3076F22DFC073A00AB01FF /* Nutrio */;
		};
/* End PBXFileSystemSynchronizedBuildFileExceptionSet section */

/* Begin PBXFileSystemSynchronizedRootGroup section */
		BF3076F52DFC073A00AB01FF /* Nutrio */ = {
			isa = PBXFileSystemSynchronizedRootGroup;
			exceptions = (
				BF3077422DFC096000AB01FF /* Exceptions for "Nutrio" folder in "Nutrio" target */,
			);
			path = Nutrio;
			sourceTree = "<group>";
		};
		BF3077032DFC073B00AB01FF /* NutrioTests */ = {
			isa = PBXFileSystemSynchronizedRootGroup;
			path = NutrioTests;
			sourceTree = "<group>";
		};
		BF30770D2DFC073B00AB01FF /* NutrioUITests */ = {
			isa = PBXFileSystemSynchronizedRootGroup;
			path = NutrioUITests;
			sourceTree = "<group>";
		};
/* End PBXFileSystemSynchronizedRootGroup section */

/* Begin PBXFrameworksBuildPhase section */
		BF3076F02DFC073A00AB01FF /* Frameworks */ = {
			isa = PBXFrameworksBuildPhase;
			buildActionMask = 2147483647;
			files = (
				BF91BE092E37EB1C00D31A83 /* GoogleSignIn in Frameworks */,
				BFD2E8A82DFC2A6F00DE9F88 /* CountryPicker in Frameworks */,
				BFD857EE2E013788007BBD95 /* FirebaseStorage in Frameworks */,
				BF91BE0B2E37EB1C00D31A83 /* GoogleSignInSwift in Frameworks */,
				BFD857EA2E013788007BBD95 /* FirebaseAuth in Frameworks */,
				BFD857EC2E013788007BBD95 /* FirebaseFirestore in Frameworks */,
			);
			runOnlyForDeploymentPostprocessing = 0;
		};
		BF3076FD2DFC073B00AB01FF /* Frameworks */ = {
			isa = PBXFrameworksBuildPhase;
			buildActionMask = 2147483647;
			files = (
			);
			runOnlyForDeploymentPostprocessing = 0;
		};
		BF3077072DFC073B00AB01FF /* Frameworks */ = {
			isa = PBXFrameworksBuildPhase;
			buildActionMask = 2147483647;
			files = (
			);
			runOnlyForDeploymentPostprocessing = 0;
		};
/* End PBXFrameworksBuildPhase section */

/* Begin PBXGroup section */
		BF3076EA2DFC073A00AB01FF = {
			isa = PBXGroup;
			children = (
				BF3076F52DFC073A00AB01FF /* Nutrio */,
				BF3077032DFC073B00AB01FF /* NutrioTests */,
				BF30770D2DFC073B00AB01FF /* NutrioUITests */,
				BF3076F42DFC073A00AB01FF /* Products */,
			);
			sourceTree = "<group>";
		};
		BF3076F42DFC073A00AB01FF /* Products */ = {
			isa = PBXGroup;
			children = (
				BF3076F32DFC073A00AB01FF /* Nutrio.app */,
				BF3077002DFC073B00AB01FF /* NutrioTests.xctest */,
				BF30770A2DFC073B00AB01FF /* NutrioUITests.xctest */,
			);
			name = Products;
			sourceTree = "<group>";
		};
/* End PBXGroup section */

/* Begin PBXNativeTarget section */
		BF3076F22DFC073A00AB01FF /* Nutrio */ = {
			isa = PBXNativeTarget;
			buildConfigurationList = BF3077142DFC073B00AB01FF /* Build configuration list for PBXNativeTarget "Nutrio" */;
			buildPhases = (
				BF3076EF2DFC073A00AB01FF /* Sources */,
				BF3076F02DFC073A00AB01FF /* Frameworks */,
				BF3076F12DFC073A00AB01FF /* Resources */,
			);
			buildRules = (
			);
			dependencies = (
			);
			fileSystemSynchronizedGroups = (
				BF3076F52DFC073A00AB01FF /* Nutrio */,
			);
			name = Nutrio;
			packageProductDependencies = (
				BFD2E8A72DFC2A6F00DE9F88 /* CountryPicker */,
				BFD857E92E013788007BBD95 /* FirebaseAuth */,
				BFD857EB2E013788007BBD95 /* FirebaseFirestore */,
				BFD857ED2E013788007BBD95 /* FirebaseStorage */,
				BF91BE082E37EB1C00D31A83 /* GoogleSignIn */,
				BF91BE0A2E37EB1C00D31A83 /* GoogleSignInSwift */,
			);
			productName = Nutrio;
			productReference = BF3076F32DFC073A00AB01FF /* Nutrio.app */;
			productType = "com.apple.product-type.application";
		};
		BF3076FF2DFC073B00AB01FF /* NutrioTests */ = {
			isa = PBXNativeTarget;
			buildConfigurationList = BF3077172DFC073B00AB01FF /* Build configuration list for PBXNativeTarget "NutrioTests" */;
			buildPhases = (
				BF3076FC2DFC073B00AB01FF /* Sources */,
				BF3076FD2DFC073B00AB01FF /* Frameworks */,
				BF3076FE2DFC073B00AB01FF /* Resources */,
			);
			buildRules = (
			);
			dependencies = (
				BF3077022DFC073B00AB01FF /* PBXTargetDependency */,
			);
			fileSystemSynchronizedGroups = (
				BF3077032DFC073B00AB01FF /* NutrioTests */,
			);
			name = NutrioTests;
			packageProductDependencies = (
			);
			productName = NutrioTests;
			productReference = BF3077002DFC073B00AB01FF /* NutrioTests.xctest */;
			productType = "com.apple.product-type.bundle.unit-test";
		};
		BF3077092DFC073B00AB01FF /* NutrioUITests */ = {
			isa = PBXNativeTarget;
			buildConfigurationList = BF30771A2DFC073B00AB01FF /* Build configuration list for PBXNativeTarget "NutrioUITests" */;
			buildPhases = (
				BF3077062DFC073B00AB01FF /* Sources */,
				BF3077072DFC073B00AB01FF /* Frameworks */,
				BF3077082DFC073B00AB01FF /* Resources */,
			);
			buildRules = (
			);
			dependencies = (
				BF30770C2DFC073B00AB01FF /* PBXTargetDependency */,
			);
			fileSystemSynchronizedGroups = (
				BF30770D2DFC073B00AB01FF /* NutrioUITests */,
			);
			name = NutrioUITests;
			packageProductDependencies = (
			);
			productName = NutrioUITests;
			productReference = BF30770A2DFC073B00AB01FF /* NutrioUITests.xctest */;
			productType = "com.apple.product-type.bundle.ui-testing";
		};
/* End PBXNativeTarget section */

/* Begin PBXProject section */
		BF3076EB2DFC073A00AB01FF /* Project object */ = {
			isa = PBXProject;
			attributes = {
				BuildIndependentTargetsInParallel = 1;
				LastSwiftUpdateCheck = 1630;
				LastUpgradeCheck = 1630;
				TargetAttributes = {
					BF3076F22DFC073A00AB01FF = {
						CreatedOnToolsVersion = 16.3;
					};
					BF3076FF2DFC073B00AB01FF = {
						CreatedOnToolsVersion = 16.3;
						TestTargetID = BF3076F22DFC073A00AB01FF;
					};
					BF3077092DFC073B00AB01FF = {
						CreatedOnToolsVersion = 16.3;
						TestTargetID = BF3076F22DFC073A00AB01FF;
					};
				};
			};
			buildConfigurationList = BF3076EE2DFC073A00AB01FF /* Build configuration list for PBXProject "Nutrio" */;
			developmentRegion = en;
			hasScannedForEncodings = 0;
			knownRegions = (
				en,
				Base,
			);
			mainGroup = BF3076EA2DFC073A00AB01FF;
			minimizedProjectReferenceProxies = 1;
			packageReferences = (
				BFD2E8A62DFC2A6F00DE9F88 /* XCRemoteSwiftPackageReference "CountryPicker" */,
				BFD857E82E013788007BBD95 /* XCRemoteSwiftPackageReference "firebase-ios-sdk" */,
				BF91BE072E37EB1C00D31A83 /* XCRemoteSwiftPackageReference "GoogleSignIn-iOS" */,
			);
			preferredProjectObjectVersion = 77;
			productRefGroup = BF3076F42DFC073A00AB01FF /* Products */;
			projectDirPath = "";
			projectRoot = "";
			targets = (
				BF3076F22DFC073A00AB01FF /* Nutrio */,
				BF3076FF2DFC073B00AB01FF /* NutrioTests */,
				BF3077092DFC073B00AB01FF /* NutrioUITests */,
			);
		};
/* End PBXProject section */

/* Begin PBXResourcesBuildPhase section */
		BF3076F12DFC073A00AB01FF /* Resources */ = {
			isa = PBXResourcesBuildPhase;
			buildActionMask = 2147483647;
			files = (
			);
			runOnlyForDeploymentPostprocessing = 0;
		};
		BF3076FE2DFC073B00AB01FF /* Resources */ = {
			isa = PBXResourcesBuildPhase;
			buildActionMask = 2147483647;
			files = (
			);
			runOnlyForDeploymentPostprocessing = 0;
		};
		BF3077082DFC073B00AB01FF /* Resources */ = {
			isa = PBXResourcesBuildPhase;
			buildActionMask = 2147483647;
			files = (
			);
			runOnlyForDeploymentPostprocessing = 0;
		};
/* End PBXResourcesBuildPhase section */

/* Begin PBXSourcesBuildPhase section */
		BF3076EF2DFC073A00AB01FF /* Sources */ = {
			isa = PBXSourcesBuildPhase;
			buildActionMask = 2147483647;
			files = (
			);
			runOnlyForDeploymentPostprocessing = 0;
		};
		BF3076FC2DFC073B00AB01FF /* Sources */ = {
			isa = PBXSourcesBuildPhase;
			buildActionMask = 2147483647;
			files = (
			);
			runOnlyForDeploymentPostprocessing = 0;
		};
		BF3077062DFC073B00AB01FF /* Sources */ = {
			isa = PBXSourcesBuildPhase;
			buildActionMask = 2147483647;
			files = (
			);
			runOnlyForDeploymentPostprocessing = 0;
		};
/* End PBXSourcesBuildPhase section */

/* Begin PBXTargetDependency section */
		BF3077022DFC073B00AB01FF /* PBXTargetDependency */ = {
			isa = PBXTargetDependency;
			target = BF3076F22DFC073A00AB01FF /* Nutrio */;
			targetProxy = BF3077012DFC073B00AB01FF /* PBXContainerItemProxy */;
		};
		BF30770C2DFC073B00AB01FF /* PBXTargetDependency */ = {
			isa = PBXTargetDependency;
			target = BF3076F22DFC073A00AB01FF /* Nutrio */;
			targetProxy = BF30770B2DFC073B00AB01FF /* PBXContainerItemProxy */;
		};
/* End PBXTargetDependency section */

/* Begin XCBuildConfiguration section */
		BF3077122DFC073B00AB01FF /* Debug */ = {
			isa = XCBuildConfiguration;
			buildSettings = {
				ALWAYS_SEARCH_USER_PATHS = NO;
				ASSETCATALOG_COMPILER_GENERATE_SWIFT_ASSET_SYMBOL_EXTENSIONS = YES;
				CLANG_ANALYZER_NONNULL = YES;
				CLANG_ANALYZER_NUMBER_OBJECT_CONVERSION = YES_AGGRESSIVE;
				CLANG_CXX_LANGUAGE_STANDARD = "gnu++20";
				CLANG_ENABLE_MODULES = YES;
				CLANG_ENABLE_OBJC_ARC = YES;
				CLANG_ENABLE_OBJC_WEAK = YES;
				CLANG_WARN_BLOCK_CAPTURE_AUTORELEASING = YES;
				CLANG_WARN_BOOL_CONVERSION = YES;
				CLANG_WARN_COMMA = YES;
				CLANG_WARN_CONSTANT_CONVERSION = YES;
				CLANG_WARN_DEPRECATED_OBJC_IMPLEMENTATIONS = YES;
				CLANG_WARN_DIRECT_OBJC_ISA_USAGE = YES_ERROR;
				CLANG_WARN_DOCUMENTATION_COMMENTS = YES;
				CLANG_WARN_EMPTY_BODY = YES;
				CLANG_WARN_ENUM_CONVERSION = YES;
				CLANG_WARN_INFINITE_RECURSION = YES;
				CLANG_WARN_INT_CONVERSION = YES;
				CLANG_WARN_NON_LITERAL_NULL_CONVERSION = YES;
				CLANG_WARN_OBJC_IMPLICIT_RETAIN_SELF = YES;
				CLANG_WARN_OBJC_LITERAL_CONVERSION = YES;
				CLANG_WARN_OBJC_ROOT_CLASS = YES_ERROR;
				CLANG_WARN_QUOTED_INCLUDE_IN_FRAMEWORK_HEADER = YES;
				CLANG_WARN_RANGE_LOOP_ANALYSIS = YES;
				CLANG_WARN_STRICT_PROTOTYPES = YES;
				CLANG_WARN_SUSPICIOUS_MOVE = YES;
				CLANG_WARN_UNGUARDED_AVAILABILITY = YES_AGGRESSIVE;
				CLANG_WARN_UNREACHABLE_CODE = YES;
				CLANG_WARN__DUPLICATE_METHOD_MATCH = YES;
				COPY_PHASE_STRIP = NO;
				DEBUG_INFORMATION_FORMAT = dwarf;
				DEVELOPMENT_TEAM = LAP54KU2SV;
				ENABLE_STRICT_OBJC_MSGSEND = YES;
				ENABLE_TESTABILITY = YES;
				ENABLE_USER_SCRIPT_SANDBOXING = YES;
				GCC_C_LANGUAGE_STANDARD = gnu17;
				GCC_DYNAMIC_NO_PIC = NO;
				GCC_NO_COMMON_BLOCKS = YES;
				GCC_OPTIMIZATION_LEVEL = 0;
				GCC_PREPROCESSOR_DEFINITIONS = (
					"DEBUG=1",
					"$(inherited)",
				);
				GCC_WARN_64_TO_32_BIT_CONVERSION = YES;
				GCC_WARN_ABOUT_RETURN_TYPE = YES_ERROR;
				GCC_WARN_UNDECLARED_SELECTOR = YES;
				GCC_WARN_UNINITIALIZED_AUTOS = YES_AGGRESSIVE;
				GCC_WARN_UNUSED_FUNCTION = YES;
				GCC_WARN_UNUSED_VARIABLE = YES;
				IPHONEOS_DEPLOYMENT_TARGET = 18.4;
				LOCALIZATION_PREFERS_STRING_CATALOGS = YES;
				MTL_ENABLE_DEBUG_INFO = INCLUDE_SOURCE;
				MTL_FAST_MATH = YES;
				ONLY_ACTIVE_ARCH = YES;
				SDKROOT = iphoneos;
				SWIFT_ACTIVE_COMPILATION_CONDITIONS = "DEBUG $(inherited)";
				SWIFT_OPTIMIZATION_LEVEL = "-Onone";
			};
			name = Debug;
		};
		BF3077132DFC073B00AB01FF /* Release */ = {
			isa = XCBuildConfiguration;
			buildSettings = {
				ALWAYS_SEARCH_USER_PATHS = NO;
				ASSETCATALOG_COMPILER_GENERATE_SWIFT_ASSET_SYMBOL_EXTENSIONS = YES;
				CLANG_ANALYZER_NONNULL = YES;
				CLANG_ANALYZER_NUMBER_OBJECT_CONVERSION = YES_AGGRESSIVE;
				CLANG_CXX_LANGUAGE_STANDARD = "gnu++20";
				CLANG_ENABLE_MODULES = YES;
				CLANG_ENABLE_OBJC_ARC = YES;
				CLANG_ENABLE_OBJC_WEAK = YES;
				CLANG_WARN_BLOCK_CAPTURE_AUTORELEASING = YES;
				CLANG_WARN_BOOL_CONVERSION = YES;
				CLANG_WARN_COMMA = YES;
				CLANG_WARN_CONSTANT_CONVERSION = YES;
				CLANG_WARN_DEPRECATED_OBJC_IMPLEMENTATIONS = YES;
				CLANG_WARN_DIRECT_OBJC_ISA_USAGE = YES_ERROR;
				CLANG_WARN_DOCUMENTATION_COMMENTS = YES;
				CLANG_WARN_EMPTY_BODY = YES;
				CLANG_WARN_ENUM_CONVERSION = YES;
				CLANG_WARN_INFINITE_RECURSION = YES;
				CLANG_WARN_INT_CONVERSION = YES;
				CLANG_WARN_NON_LITERAL_NULL_CONVERSION = YES;
				CLANG_WARN_OBJC_IMPLICIT_RETAIN_SELF = YES;
				CLANG_WARN_OBJC_LITERAL_CONVERSION = YES;
				CLANG_WARN_OBJC_ROOT_CLASS = YES_ERROR;
				CLANG_WARN_QUOTED_INCLUDE_IN_FRAMEWORK_HEADER = YES;
				CLANG_WARN_RANGE_LOOP_ANALYSIS = YES;
				CLANG_WARN_STRICT_PROTOTYPES = YES;
				CLANG_WARN_SUSPICIOUS_MOVE = YES;
				CLANG_WARN_UNGUARDED_AVAILABILITY = YES_AGGRESSIVE;
				CLANG_WARN_UNREACHABLE_CODE = YES;
				CLANG_WARN__DUPLICATE_METHOD_MATCH = YES;
				COPY_PHASE_STRIP = NO;
				DEBUG_INFORMATION_FORMAT = "dwarf-with-dsym";
				DEVELOPMENT_TEAM = LAP54KU2SV;
				ENABLE_NS_ASSERTIONS = NO;
				ENABLE_STRICT_OBJC_MSGSEND = YES;
				ENABLE_USER_SCRIPT_SANDBOXING = YES;
				GCC_C_LANGUAGE_STANDARD = gnu17;
				GCC_NO_COMMON_BLOCKS = YES;
				GCC_WARN_64_TO_32_BIT_CONVERSION = YES;
				GCC_WARN_ABOUT_RETURN_TYPE = YES_ERROR;
				GCC_WARN_UNDECLARED_SELECTOR = YES;
				GCC_WARN_UNINITIALIZED_AUTOS = YES_AGGRESSIVE;
				GCC_WARN_UNUSED_FUNCTION = YES;
				GCC_WARN_UNUSED_VARIABLE = YES;
				IPHONEOS_DEPLOYMENT_TARGET = 18.4;
				LOCALIZATION_PREFERS_STRING_CATALOGS = YES;
				MTL_ENABLE_DEBUG_INFO = NO;
				MTL_FAST_MATH = YES;
				SDKROOT = iphoneos;
				SWIFT_COMPILATION_MODE = wholemodule;
				VALIDATE_PRODUCT = YES;
			};
			name = Release;
		};
		BF3077152DFC073B00AB01FF /* Debug */ = {
			isa = XCBuildConfiguration;
			buildSettings = {
				ASSETCATALOG_COMPILER_APPICON_NAME = AppIcon;
				ASSETCATALOG_COMPILER_GLOBAL_ACCENT_COLOR_NAME = AccentColor;
				CODE_SIGN_STYLE = Automatic;
				CURRENT_PROJECT_VERSION = 1;
				DEVELOPMENT_TEAM = LAP54KU2SV;
				ENABLE_PREVIEWS = YES;
				GENERATE_INFOPLIST_FILE = YES;
				INFOPLIST_FILE = Nutrio/Info.plist;
				INFOPLIST_KEY_NSLocationWhenInUseUsageDescription = "We need you location to deliever the ordered package.";
				INFOPLIST_KEY_UIApplicationSceneManifest_Generation = YES;
				INFOPLIST_KEY_UIApplicationSupportsIndirectInputEvents = YES;
				INFOPLIST_KEY_UILaunchStoryboardName = "Launch Screen.storyboard";
				INFOPLIST_KEY_UIRequiresFullScreen = YES;
				INFOPLIST_KEY_UIStatusBarHidden = YES;
				INFOPLIST_KEY_UISupportedInterfaceOrientations = "UIInterfaceOrientationLandscapeLeft UIInterfaceOrientationLandscapeRight UIInterfaceOrientationPortrait";
				INFOPLIST_KEY_UISupportedInterfaceOrientations_iPad = UIInterfaceOrientationPortrait;
				IPHONEOS_DEPLOYMENT_TARGET = 16.6;
				LD_RUNPATH_SEARCH_PATHS = (
					"$(inherited)",
					"@executable_path/Frameworks",
				);
				MARKETING_VERSION = 1.0;
				PRODUCT_BUNDLE_IDENTIFIER = com.swiftWithHari.Nutrio;
				PRODUCT_NAME = "$(TARGET_NAME)";
				SUPPORTED_PLATFORMS = "iphoneos iphonesimulator";
				SUPPORTS_MACCATALYST = NO;
				SUPPORTS_MAC_DESIGNED_FOR_IPHONE_IPAD = NO;
				SUPPORTS_XR_DESIGNED_FOR_IPHONE_IPAD = NO;
				SWIFT_EMIT_LOC_STRINGS = YES;
				SWIFT_VERSION = 5.0;
				TARGETED_DEVICE_FAMILY = "1,2";
			};
			name = Debug;
		};
		BF3077162DFC073B00AB01FF /* Release */ = {
			isa = XCBuildConfiguration;
			buildSettings = {
				ASSETCATALOG_COMPILER_APPICON_NAME = AppIcon;
				ASSETCATALOG_COMPILER_GLOBAL_ACCENT_COLOR_NAME = AccentColor;
				CODE_SIGN_STYLE = Automatic;
				CURRENT_PROJECT_VERSION = 1;
				DEVELOPMENT_TEAM = LAP54KU2SV;
				ENABLE_PREVIEWS = YES;
				GENERATE_INFOPLIST_FILE = YES;
				INFOPLIST_FILE = Nutrio/Info.plist;
				INFOPLIST_KEY_NSLocationWhenInUseUsageDescription = "We need you location to deliever the ordered package.";
				INFOPLIST_KEY_UIApplicationSceneManifest_Generation = YES;
				INFOPLIST_KEY_UIApplicationSupportsIndirectInputEvents = YES;
				INFOPLIST_KEY_UILaunchStoryboardName = "Launch Screen.storyboard";
				INFOPLIST_KEY_UIRequiresFullScreen = YES;
				INFOPLIST_KEY_UIStatusBarHidden = YES;
				INFOPLIST_KEY_UISupportedInterfaceOrientations = "UIInterfaceOrientationLandscapeLeft UIInterfaceOrientationLandscapeRight UIInterfaceOrientationPortrait";
				INFOPLIST_KEY_UISupportedInterfaceOrientations_iPad = UIInterfaceOrientationPortrait;
				IPHONEOS_DEPLOYMENT_TARGET = 16.6;
				LD_RUNPATH_SEARCH_PATHS = (
					"$(inherited)",
					"@executable_path/Frameworks",
				);
				MARKETING_VERSION = 1.0;
				PRODUCT_BUNDLE_IDENTIFIER = com.swiftWithHari.Nutrio;
				PRODUCT_NAME = "$(TARGET_NAME)";
				SUPPORTED_PLATFORMS = "iphoneos iphonesimulator";
				SUPPORTS_MACCATALYST = NO;
				SUPPORTS_MAC_DESIGNED_FOR_IPHONE_IPAD = NO;
				SUPPORTS_XR_DESIGNED_FOR_IPHONE_IPAD = NO;
				SWIFT_EMIT_LOC_STRINGS = YES;
				SWIFT_VERSION = 5.0;
				TARGETED_DEVICE_FAMILY = "1,2";
			};
			name = Release;
		};
		BF3077182DFC073B00AB01FF /* Debug */ = {
			isa = XCBuildConfiguration;
			buildSettings = {
				BUNDLE_LOADER = "$(TEST_HOST)";
				CODE_SIGN_STYLE = Automatic;
				CURRENT_PROJECT_VERSION = 1;
				DEVELOPMENT_TEAM = LAP54KU2SV;
				GENERATE_INFOPLIST_FILE = YES;
				IPHONEOS_DEPLOYMENT_TARGET = 18.4;
				MARKETING_VERSION = 1.0;
				PRODUCT_BUNDLE_IDENTIFIER = com.swiftWithHari.NutrioTests;
				PRODUCT_NAME = "$(TARGET_NAME)";
				SWIFT_EMIT_LOC_STRINGS = NO;
				SWIFT_VERSION = 5.0;
				TARGETED_DEVICE_FAMILY = "1,2";
				TEST_HOST = "$(BUILT_PRODUCTS_DIR)/Nutrio.app/$(BUNDLE_EXECUTABLE_FOLDER_PATH)/Nutrio";
			};
			name = Debug;
		};
		BF3077192DFC073B00AB01FF /* Release */ = {
			isa = XCBuildConfiguration;
			buildSettings = {
				BUNDLE_LOADER = "$(TEST_HOST)";
				CODE_SIGN_STYLE = Automatic;
				CURRENT_PROJECT_VERSION = 1;
				DEVELOPMENT_TEAM = LAP54KU2SV;
				GENERATE_INFOPLIST_FILE = YES;
				IPHONEOS_DEPLOYMENT_TARGET = 18.4;
				MARKETING_VERSION = 1.0;
				PRODUCT_BUNDLE_IDENTIFIER = com.swiftWithHari.NutrioTests;
				PRODUCT_NAME = "$(TARGET_NAME)";
				SWIFT_EMIT_LOC_STRINGS = NO;
				SWIFT_VERSION = 5.0;
				TARGETED_DEVICE_FAMILY = "1,2";
				TEST_HOST = "$(BUILT_PRODUCTS_DIR)/Nutrio.app/$(BUNDLE_EXECUTABLE_FOLDER_PATH)/Nutrio";
			};
			name = Release;
		};
		BF30771B2DFC073B00AB01FF /* Debug */ = {
			isa = XCBuildConfiguration;
			buildSettings = {
				CODE_SIGN_STYLE = Automatic;
				CURRENT_PROJECT_VERSION = 1;
				DEVELOPMENT_TEAM = LAP54KU2SV;
				GENERATE_INFOPLIST_FILE = YES;
				MARKETING_VERSION = 1.0;
				PRODUCT_BUNDLE_IDENTIFIER = com.swiftWithHari.NutrioUITests;
				PRODUCT_NAME = "$(TARGET_NAME)";
				SWIFT_EMIT_LOC_STRINGS = NO;
				SWIFT_VERSION = 5.0;
				TARGETED_DEVICE_FAMILY = "1,2";
				TEST_TARGET_NAME = Nutrio;
			};
			name = Debug;
		};
		BF30771C2DFC073B00AB01FF /* Release */ = {
			isa = XCBuildConfiguration;
			buildSettings = {
				CODE_SIGN_STYLE = Automatic;
				CURRENT_PROJECT_VERSION = 1;
				DEVELOPMENT_TEAM = LAP54KU2SV;
				GENERATE_INFOPLIST_FILE = YES;
				MARKETING_VERSION = 1.0;
				PRODUCT_BUNDLE_IDENTIFIER = com.swiftWithHari.NutrioUITests;
				PRODUCT_NAME = "$(TARGET_NAME)";
				SWIFT_EMIT_LOC_STRINGS = NO;
				SWIFT_VERSION = 5.0;
				TARGETED_DEVICE_FAMILY = "1,2";
				TEST_TARGET_NAME = Nutrio;
			};
			name = Release;
		};
/* End XCBuildConfiguration section */

/* Begin XCConfigurationList section */
		BF3076EE2DFC073A00AB01FF /* Build configuration list for PBXProject "Nutrio" */ = {
			isa = XCConfigurationList;
			buildConfigurations = (
				BF3077122DFC073B00AB01FF /* Debug */,
				BF3077132DFC073B00AB01FF /* Release */,
			);
			defaultConfigurationIsVisible = 0;
			defaultConfigurationName = Release;
		};
		BF3077142DFC073B00AB01FF /* Build configuration list for PBXNativeTarget "Nutrio" */ = {
			isa = XCConfigurationList;
			buildConfigurations = (
				BF3077152DFC073B00AB01FF /* Debug */,
				BF3077162DFC073B00AB01FF /* Release */,
			);
			defaultConfigurationIsVisible = 0;
			defaultConfigurationName = Release;
		};
		BF3077172DFC073B00AB01FF /* Build configuration list for PBXNativeTarget "NutrioTests" */ = {
			isa = XCConfigurationList;
			buildConfigurations = (
				BF3077182DFC073B00AB01FF /* Debug */,
				BF3077192DFC073B00AB01FF /* Release */,
			);
			defaultConfigurationIsVisible = 0;
			defaultConfigurationName = Release;
		};
		BF30771A2DFC073B00AB01FF /* Build configuration list for PBXNativeTarget "NutrioUITests" */ = {
			isa = XCConfigurationList;
			buildConfigurations = (
				BF30771B2DFC073B00AB01FF /* Debug */,
				BF30771C2DFC073B00AB01FF /* Release */,
			);
			defaultConfigurationIsVisible = 0;
			defaultConfigurationName = Release;
		};
/* End XCConfigurationList section */

/* Begin XCRemoteSwiftPackageReference section */
		BF91BE072E37EB1C00D31A83 /* XCRemoteSwiftPackageReference "GoogleSignIn-iOS" */ = {
			isa = XCRemoteSwiftPackageReference;
			repositoryURL = "https://github.com/google/GoogleSignIn-iOS";
			requirement = {
				kind = upToNextMajorVersion;
				minimumVersion = 9.0.0;
			};
		};
		BFD2E8A62DFC2A6F00DE9F88 /* XCRemoteSwiftPackageReference "CountryPicker" */ = {
			isa = XCRemoteSwiftPackageReference;
			repositoryURL = "https://github.com/mobven/CountryPicker.git";
			requirement = {
				kind = upToNextMajorVersion;
				minimumVersion = 2.0.3;
			};
		};
		BFD857E82E013788007BBD95 /* XCRemoteSwiftPackageReference "firebase-ios-sdk" */ = {
			isa = XCRemoteSwiftPackageReference;
			repositoryURL = "https://github.com/firebase/firebase-ios-sdk";
			requirement = {
				kind = upToNextMajorVersion;
				minimumVersion = 11.14.0;
			};
		};
/* End XCRemoteSwiftPackageReference section */

/* Begin XCSwiftPackageProductDependency section */
		BF91BE082E37EB1C00D31A83 /* GoogleSignIn */ = {
			isa = XCSwiftPackageProductDependency;
			package = BF91BE072E37EB1C00D31A83 /* XCRemoteSwiftPackageReference "GoogleSignIn-iOS" */;
			productName = GoogleSignIn;
		};
		BF91BE0A2E37EB1C00D31A83 /* GoogleSignInSwift */ = {
			isa = XCSwiftPackageProductDependency;
			package = BF91BE072E37EB1C00D31A83 /* XCRemoteSwiftPackageReference "GoogleSignIn-iOS" */;
			productName = GoogleSignInSwift;
		};
		BFD2E8A72DFC2A6F00DE9F88 /* CountryPicker */ = {
			isa = XCSwiftPackageProductDependency;
			package = BFD2E8A62DFC2A6F00DE9F88 /* XCRemoteSwiftPackageReference "CountryPicker" */;
			productName = CountryPicker;
		};
		BFD857E92E013788007BBD95 /* FirebaseAuth */ = {
			isa = XCSwiftPackageProductDependency;
			package = BFD857E82E013788007BBD95 /* XCRemoteSwiftPackageReference "firebase-ios-sdk" */;
			productName = FirebaseAuth;
		};
		BFD857EB2E013788007BBD95 /* FirebaseFirestore */ = {
			isa = XCSwiftPackageProductDependency;
			package = BFD857E82E013788007BBD95 /* XCRemoteSwiftPackageReference "firebase-ios-sdk" */;
			productName = FirebaseFirestore;
		};
		BFD857ED2E013788007BBD95 /* FirebaseStorage */ = {
			isa = XCSwiftPackageProductDependency;
			package = BFD857E82E013788007BBD95 /* XCRemoteSwiftPackageReference "firebase-ios-sdk" */;
			productName = FirebaseStorage;
		};
/* End XCSwiftPackageProductDependency section */
	};
	rootObject = BF3076EB2DFC073A00AB01FF /* Project object */;
}
